
Microsoft Visual Studio Solution File, Format Version 12.00
# Visual Studio Version 17
VisualStudioVersion = 17.12.35707.178 d17.12
MinimumVisualStudioVersion = 10.0.40219.1
Project("{2150E333-8FDC-42A3-9474-1A3956D46DE8}") = "Lesson_02", "Lesson_02", "{FB9B005E-757B-485B-860E-C91EB4832C7D}"
EndProject
Project("{FAE04EC0-301F-11D3-BF4B-00C04F79EFBC}") = "Task_02_02", "Task_02_02\Task_02_02.csproj", "{B9C58D35-90AC-4535-B7E6-40A1DBE36467}"
EndProject
Project("{FAE04EC0-301F-11D3-BF4B-00C04F79EFBC}") = "Task_02_04", "Task_02_04\Task_02_04.csproj", "{DC4639EF-762F-42AF-B1F6-254945D81429}"
EndProject
Project("{2150E333-8FDC-42A3-9474-1A3956D46DE8}") = "Lesson_03", "Lesson_03", "{D08457BA-7131-467A-BBD3-0198C1D6E815}"
EndProject
Project("{FAE04EC0-301F-11D3-BF4B-00C04F79EFBC}") = "Task_03_04", "Task_03_04\Task_03_04.csproj", "{89FE58CC-5559-4AB6-81A9-CB4706ADBD6A}"
EndProject
Project("{FAE04EC0-301F-11D3-BF4B-00C04F79EFBC}") = "Task_03_05", "Task_03_05\Task_03_05.csproj", "{F2548350-79E6-4A05-907C-159695E5D269}"
EndProject
Project("{FAE04EC0-301F-11D3-BF4B-00C04F79EFBC}") = "Task_03_06", "Task_03_06\Task_03_06.csproj", "{E2725CED-F1AD-43C3-8CA8-DB655B7D9CAE}"
EndProject
Project("{FAE04EC0-301F-11D3-BF4B-00C04F79EFBC}") = "Task_03_07", "Task_03_07\Task_03_07.csproj", "{B9D0D6A1-652F-4DE7-A029-3C3F46E6CFA0}"
EndProject
Project("{FAE04EC0-301F-11D3-BF4B-00C04F79EFBC}") = "Task_03_08", "Task_03_08\Task_03_08.csproj", "{4A856483-D0BC-4EC5-9466-01141F94CB9F}"
EndProject
Global
	GlobalSection(SolutionConfigurationPlatforms) = preSolution
		Debug|Any CPU = Debug|Any CPU
		Release|Any CPU = Release|Any CPU
	EndGlobalSection
	GlobalSection(ProjectConfigurationPlatforms) = postSolution
		{B9C58D35-90AC-4535-B7E6-40A1DBE36467}.Debug|Any CPU.ActiveCfg = Debug|Any CPU
		{B9C58D35-90AC-4535-B7E6-40A1DBE36467}.Debug|Any CPU.Build.0 = Debug|Any CPU
		{B9C58D35-90AC-4535-B7E6-40A1DBE36467}.Release|Any CPU.ActiveCfg = Release|Any CPU
		{B9C58D35-90AC-4535-B7E6-40A1DBE36467}.Release|Any CPU.Build.0 = Release|Any CPU
		{DC4639EF-762F-42AF-B1F6-254945D81429}.Debug|Any CPU.ActiveCfg = Debug|Any CPU
		{DC4639EF-762F-42AF-B1F6-254945D81429}.Debug|Any CPU.Build.0 = Debug|Any CPU
		{DC4639EF-762F-42AF-B1F6-254945D81429}.Release|Any CPU.ActiveCfg = Release|Any CPU
		{DC4639EF-762F-42AF-B1F6-254945D81429}.Release|Any CPU.Build.0 = Release|Any CPU
		{89FE58CC-5559-4AB6-81A9-CB4706ADBD6A}.Debug|Any CPU.ActiveCfg = Debug|Any CPU
		{89FE58CC-5559-4AB6-81A9-CB4706ADBD6A}.Debug|Any CPU.Build.0 = Debug|Any CPU
		{89FE58CC-5559-4AB6-81A9-CB4706ADBD6A}.Release|Any CPU.ActiveCfg = Release|Any CPU
		{89FE58CC-5559-4AB6-81A9-CB4706ADBD6A}.Release|Any CPU.Build.0 = Release|Any CPU
		{F2548350-79E6-4A05-907C-159695E5D269}.Debug|Any CPU.ActiveCfg = Debug|Any CPU
		{F2548350-79E6-4A05-907C-159695E5D269}.Debug|Any CPU.Build.0 = Debug|Any CPU
		{F2548350-79E6-4A05-907C-159695E5D269}.Release|Any CPU.ActiveCfg = Release|Any CPU
		{F2548350-79E6-4A05-907C-159695E5D269}.Release|Any CPU.Build.0 = Release|Any CPU
		{E2725CED-F1AD-43C3-8CA8-DB655B7D9CAE}.Debug|Any CPU.ActiveCfg = Debug|Any CPU
		{E2725CED-F1AD-43C3-8CA8-DB655B7D9CAE}.Debug|Any CPU.Build.0 = Debug|Any CPU
		{E2725CED-F1AD-43C3-8CA8-DB655B7D9CAE}.Release|Any CPU.ActiveCfg = Release|Any CPU
		{E2725CED-F1AD-43C3-8CA8-DB655B7D9CAE}.Release|Any CPU.Build.0 = Release|Any CPU
		{B9D0D6A1-652F-4DE7-A029-3C3F46E6CFA0}.Debug|Any CPU.ActiveCfg = Debug|Any CPU
		{B9D0D6A1-652F-4DE7-A029-3C3F46E6CFA0}.Debug|Any CPU.Build.0 = Debug|Any CPU
		{B9D0D6A1-652F-4DE7-A029-3C3F46E6CFA0}.Release|Any CPU.ActiveCfg = Release|Any CPU
		{B9D0D6A1-652F-4DE7-A029-3C3F46E6CFA0}.Release|Any CPU.Build.0 = Release|Any CPU
		{4A856483-D0BC-4EC5-9466-01141F94CB9F}.Debug|Any CPU.ActiveCfg = Debug|Any CPU
		{4A856483-D0BC-4EC5-9466-01141F94CB9F}.Debug|Any CPU.Build.0 = Debug|Any CPU
		{4A856483-D0BC-4EC5-9466-01141F94CB9F}.Release|Any CPU.ActiveCfg = Release|Any CPU
		{4A856483-D0BC-4EC5-9466-01141F94CB9F}.Release|Any CPU.Build.0 = Release|Any CPU
	EndGlobalSection
	GlobalSection(SolutionProperties) = preSolution
		HideSolutionNode = FALSE
	EndGlobalSection
	GlobalSection(NestedProjects) = preSolution
		{B9C58D35-90AC-4535-B7E6-40A1DBE36467} = {FB9B005E-757B-485B-860E-C91EB4832C7D}
		{DC4639EF-762F-42AF-B1F6-254945D81429} = {FB9B005E-757B-485B-860E-C91EB4832C7D}
		{89FE58CC-5559-4AB6-81A9-CB4706ADBD6A} = {D08457BA-7131-467A-BBD3-0198C1D6E815}
		{F2548350-79E6-4A05-907C-159695E5D269} = {D08457BA-7131-467A-BBD3-0198C1D6E815}
		{E2725CED-F1AD-43C3-8CA8-DB655B7D9CAE} = {D08457BA-7131-467A-BBD3-0198C1D6E815}
		{B9D0D6A1-652F-4DE7-A029-3C3F46E6CFA0} = {D08457BA-7131-467A-BBD3-0198C1D6E815}
		{4A856483-D0BC-4EC5-9466-01141F94CB9F} = {D08457BA-7131-467A-BBD3-0198C1D6E815}
	EndGlobalSection
EndGlobal
