
Microsoft Visual Studio Solution File, Format Version 12.00
# Visual Studio Version 17
VisualStudioVersion = 17.12.35707.178 d17.12
MinimumVisualStudioVersion = 10.0.40219.1
Project("{2150E333-8FDC-42A3-9474-1A3956D46DE8}") = "Lesson_02", "Lesson_02", "{FB9B005E-757B-485B-860E-C91EB4832C7D}"
EndProject
Project("{FAE04EC0-301F-11D3-BF4B-00C04F79EFBC}") = "Task_02_02", "Task_02_02\Task_02_02.csproj", "{B9C58D35-90AC-4535-B7E6-40A1DBE36467}"
EndProject
Global
	GlobalSection(SolutionConfigurationPlatforms) = preSolution
		Debug|Any CPU = Debug|Any CPU
		Release|Any CPU = Release|Any CPU
	EndGlobalSection
	GlobalSection(ProjectConfigurationPlatforms) = postSolution
		{B9C58D35-90AC-4535-B7E6-40A1DBE36467}.Debug|Any CPU.ActiveCfg = Debug|Any CPU
		{B9C58D35-90AC-4535-B7E6-40A1DBE36467}.Debug|Any CPU.Build.0 = Debug|Any CPU
		{B9C58D35-90AC-4535-B7E6-40A1DBE36467}.Release|Any CPU.ActiveCfg = Release|Any CPU
		{B9C58D35-90AC-4535-B7E6-40A1DBE36467}.Release|Any CPU.Build.0 = Release|Any CPU
	EndGlobalSection
	GlobalSection(SolutionProperties) = preSolution
		HideSolutionNode = FALSE
	EndGlobalSection
	GlobalSection(NestedProjects) = preSolution
		{B9C58D35-90AC-4535-B7E6-40A1DBE36467} = {FB9B005E-757B-485B-860E-C91EB4832C7D}
	EndGlobalSection
EndGlobal
